
Microsoft Visual Studio Solution File, Format Version 12.00
# Visual Studio Version 16
VisualStudioVersion = 16.0.30011.22
MinimumVisualStudioVersion = 10.0.40219.1
Project("{FAE04EC0-301F-11D3-BF4B-00C04F79EFBC}") = "DockerDemo", "DockerDemo.csproj", "{26A2D6B7-F90B-41C7-AFF6-7CEB572DCB1C}"
EndProject
Global
	GlobalSection(SolutionConfigurationPlatforms) = preSolution
		Debug|Any CPU = Debug|Any CPU
		Release|Any CPU = Release|Any CPU
	EndGlobalSection
	GlobalSection(ProjectConfigurationPlatforms) = postSolution
		{26A2D6B7-F90B-41C7-AFF6-7CEB572DCB1C}.Debug|Any CPU.ActiveCfg = Debug|Any CPU
		{26A2D6B7-F90B-41C7-AFF6-7CEB572DCB1C}.Debug|Any CPU.Build.0 = Debug|Any CPU
		{26A2D6B7-F90B-41C7-AFF6-7CEB572DCB1C}.Release|Any CPU.ActiveCfg = Release|Any CPU
		{26A2D6B7-F90B-41C7-AFF6-7CEB572DCB1C}.Release|Any CPU.Build.0 = Release|Any CPU
	EndGlobalSection
	GlobalSection(SolutionProperties) = preSolution
		HideSolutionNode = FALSE
	EndGlobalSection
	GlobalSection(ExtensibilityGlobals) = postSolution
		SolutionGuid = {01273460-F251-446D-A14E-53A42ECC61B2}
	EndGlobalSection
EndGlobal
